
Microsoft Visual Studio Solution File, Format Version 12.00
# Visual Studio 15
VisualStudioVersion = 15.0.28307.2017
MinimumVisualStudioVersion = 10.0.40219.1
Project("{FAE04EC0-301F-11D3-BF4B-00C04F79EFBC}") = "Dortislemdll", "Dortislemdll\Dortislemdll.csproj", "{8CCEABE8-A031-475D-9C3F-C782BA17C037}"
EndProject
Project("{FAE04EC0-301F-11D3-BF4B-00C04F79EFBC}") = "DLLDORTISLEM", "DLLDORTISLEM\DLLDORTISLEM.csproj", "{F2A261F2-1EBD-4FA4-921C-A9CC8D008B7C}"
EndProject
Global
	GlobalSection(SolutionConfigurationPlatforms) = preSolution
		Debug|Any CPU = Debug|Any CPU
		Release|Any CPU = Release|Any CPU
	EndGlobalSection
	GlobalSection(ProjectConfigurationPlatforms) = postSolution
		{8CCEABE8-A031-475D-9C3F-C782BA17C037}.Debug|Any CPU.ActiveCfg = Debug|Any CPU
		{8CCEABE8-A031-475D-9C3F-C782BA17C037}.Debug|Any CPU.Build.0 = Debug|Any CPU
		{8CCEABE8-A031-475D-9C3F-C782BA17C037}.Release|Any CPU.ActiveCfg = Release|Any CPU
		{8CCEABE8-A031-475D-9C3F-C782BA17C037}.Release|Any CPU.Build.0 = Release|Any CPU
		{F2A261F2-1EBD-4FA4-921C-A9CC8D008B7C}.Debug|Any CPU.ActiveCfg = Debug|Any CPU
		{F2A261F2-1EBD-4FA4-921C-A9CC8D008B7C}.Debug|Any CPU.Build.0 = Debug|Any CPU
		{F2A261F2-1EBD-4FA4-921C-A9CC8D008B7C}.Release|Any CPU.ActiveCfg = Release|Any CPU
		{F2A261F2-1EBD-4FA4-921C-A9CC8D008B7C}.Release|Any CPU.Build.0 = Release|Any CPU
	EndGlobalSection
	GlobalSection(SolutionProperties) = preSolution
		HideSolutionNode = FALSE
	EndGlobalSection
	GlobalSection(ExtensibilityGlobals) = postSolution
		SolutionGuid = {63292C11-446C-4254-9669-E43F6C81F9A9}
	EndGlobalSection
EndGlobal
